
Microsoft Visual Studio Solution File, Format Version 12.00
Project("{2150E333-8FDC-42A3-9474-1A3956D46DE8}") = "src", "src", "{7FB1B663-D853-4C36-BF69-100F9A0D01C7}"
EndProject
Project("{2150E333-8FDC-42A3-9474-1A3956D46DE8}") = "test", "test", "{2AC14502-551C-45F0-B394-2E2035AF3AA2}"
EndProject
Project("{FAE04EC0-301F-11D3-BF4B-00C04F79EFBC}") = "MarsRover", "src\MarsRover\MarsRover.csproj", "{506E8FF8-BD8C-4D94-B34C-DBC39218A969}"
EndProject
Project("{FAE04EC0-301F-11D3-BF4B-00C04F79EFBC}") = "MarsRover.UnitTests", "test\MarsRover.UnitTests\MarsRover.UnitTests.csproj", "{84C80FA0-622C-4472-8F31-14BAAC9F3FFC}"
EndProject
Global
	GlobalSection(SolutionConfigurationPlatforms) = preSolution
		Debug|Any CPU = Debug|Any CPU
		Release|Any CPU = Release|Any CPU
	EndGlobalSection
	GlobalSection(NestedProjects) = preSolution
		{506E8FF8-BD8C-4D94-B34C-DBC39218A969} = {7FB1B663-D853-4C36-BF69-100F9A0D01C7}
		{84C80FA0-622C-4472-8F31-14BAAC9F3FFC} = {2AC14502-551C-45F0-B394-2E2035AF3AA2}
	EndGlobalSection
	GlobalSection(ProjectConfigurationPlatforms) = postSolution
		{506E8FF8-BD8C-4D94-B34C-DBC39218A969}.Debug|Any CPU.ActiveCfg = Debug|Any CPU
		{506E8FF8-BD8C-4D94-B34C-DBC39218A969}.Debug|Any CPU.Build.0 = Debug|Any CPU
		{506E8FF8-BD8C-4D94-B34C-DBC39218A969}.Release|Any CPU.ActiveCfg = Release|Any CPU
		{506E8FF8-BD8C-4D94-B34C-DBC39218A969}.Release|Any CPU.Build.0 = Release|Any CPU
		{84C80FA0-622C-4472-8F31-14BAAC9F3FFC}.Debug|Any CPU.ActiveCfg = Debug|Any CPU
		{84C80FA0-622C-4472-8F31-14BAAC9F3FFC}.Debug|Any CPU.Build.0 = Debug|Any CPU
		{84C80FA0-622C-4472-8F31-14BAAC9F3FFC}.Release|Any CPU.ActiveCfg = Release|Any CPU
		{84C80FA0-622C-4472-8F31-14BAAC9F3FFC}.Release|Any CPU.Build.0 = Release|Any CPU
	EndGlobalSection
EndGlobal
